
Microsoft Visual Studio Solution File, Format Version 12.00
# Visual Studio 2013
VisualStudioVersion = 12.0.31101.0
MinimumVisualStudioVersion = 10.0.40219.1
Project("{FAE04EC0-301F-11D3-BF4B-00C04F79EFBC}") = "Kintai", "Kintai\Kintai.csproj", "{F91FFEEB-76AD-4BD3-B4E9-94E09D084BFD}"
EndProject
Project("{FAE04EC0-301F-11D3-BF4B-00C04F79EFBC}") = "Kintai.Tests", "Kintai.Tests\Kintai.Tests.csproj", "{253E922B-9C38-433E-A76B-65B56ED24CAA}"
EndProject
Global
	GlobalSection(SolutionConfigurationPlatforms) = preSolution
		Debug|Any CPU = Debug|Any CPU
		Release|Any CPU = Release|Any CPU
	EndGlobalSection
	GlobalSection(ProjectConfigurationPlatforms) = postSolution
		{F91FFEEB-76AD-4BD3-B4E9-94E09D084BFD}.Debug|Any CPU.ActiveCfg = Debug|Any CPU
		{F91FFEEB-76AD-4BD3-B4E9-94E09D084BFD}.Debug|Any CPU.Build.0 = Debug|Any CPU
		{F91FFEEB-76AD-4BD3-B4E9-94E09D084BFD}.Release|Any CPU.ActiveCfg = Release|Any CPU
		{F91FFEEB-76AD-4BD3-B4E9-94E09D084BFD}.Release|Any CPU.Build.0 = Release|Any CPU
		{253E922B-9C38-433E-A76B-65B56ED24CAA}.Debug|Any CPU.ActiveCfg = Debug|Any CPU
		{253E922B-9C38-433E-A76B-65B56ED24CAA}.Debug|Any CPU.Build.0 = Debug|Any CPU
		{253E922B-9C38-433E-A76B-65B56ED24CAA}.Release|Any CPU.ActiveCfg = Release|Any CPU
		{253E922B-9C38-433E-A76B-65B56ED24CAA}.Release|Any CPU.Build.0 = Release|Any CPU
	EndGlobalSection
	GlobalSection(SolutionProperties) = preSolution
		HideSolutionNode = FALSE
	EndGlobalSection
EndGlobal
